// !$*UTF8*$!
{
	archiveVersion = 1;
	classes = {
	};
	objectVersion = 46;
	objects = {

/* Begin PBXBuildFile section */
		0AA7AF0F306368D1239DFA69 /* Pods_Mobile_SignTests.framework in Frameworks */ = {isa = PBXBuildFile; fileRef = F742A02AE4E49602D69445CA /* Pods_Mobile_SignTests.framework */; };
		41879AED43AA09CDE91C1E98 /* Pods_Mobile_Sign.framework in Frameworks */ = {isa = PBXBuildFile; fileRef = F2A9D86FADC7A282FF86DB98 /* Pods_Mobile_Sign.framework */; };
		93199CA11E9DC8AA00918306 /* SecondViewController.swift in Sources */ = {isa = PBXBuildFile; fileRef = 93199CA01E9DC8AA00918306 /* SecondViewController.swift */; };
		93199CA31E9DF23900918306 /* commonviewcontroller.swift in Sources */ = {isa = PBXBuildFile; fileRef = 93199CA21E9DF23900918306 /* commonviewcontroller.swift */; };
		93199CA91E9E87B700918306 /* Van Beek Tech.png in Resources */ = {isa = PBXBuildFile; fileRef = 93199CA81E9E87B700918306 /* Van Beek Tech.png */; };
		93277B2B1EAEB21300C0FDE4 /* Main.storyboard in Resources */ = {isa = PBXBuildFile; fileRef = 93277B291EAEB21300C0FDE4 /* Main.storyboard */; };
		9339AF301E9D9CB2001431C2 /* AppDelegate.swift in Sources */ = {isa = PBXBuildFile; fileRef = 9339AF2F1E9D9CB2001431C2 /* AppDelegate.swift */; };
		9339AF321E9D9CB2001431C2 /* ViewController.swift in Sources */ = {isa = PBXBuildFile; fileRef = 9339AF311E9D9CB2001431C2 /* ViewController.swift */; };
		9339AF371E9D9CB2001431C2 /* Assets.xcassets in Resources */ = {isa = PBXBuildFile; fileRef = 9339AF361E9D9CB2001431C2 /* Assets.xcassets */; };
		9339AF3A1E9D9CB2001431C2 /* LaunchScreen.storyboard in Resources */ = {isa = PBXBuildFile; fileRef = 9339AF381E9D9CB2001431C2 /* LaunchScreen.storyboard */; };
		9339AF451E9D9CB2001431C2 /* Mobile_SignTests.swift in Sources */ = {isa = PBXBuildFile; fileRef = 9339AF441E9D9CB2001431C2 /* Mobile_SignTests.swift */; };
		9339AF501E9D9CB2001431C2 /* Mobile_SignUITests.swift in Sources */ = {isa = PBXBuildFile; fileRef = 9339AF4F1E9D9CB2001431C2 /* Mobile_SignUITests.swift */; };
		93D3F3B61EA69D9D00902FE6 /* app background.png in Resources */ = {isa = PBXBuildFile; fileRef = 93D3F3B51EA69D9D00902FE6 /* app background.png */; };
		93D3F3BA1EA6FE9D00902FE6 /* Profile (1).png in Resources */ = {isa = PBXBuildFile; fileRef = 93D3F3B91EA6FE9D00902FE6 /* Profile (1).png */; };
		93D3F3BC1EA700F000902FE6 /* Contacts.png in Resources */ = {isa = PBXBuildFile; fileRef = 93D3F3BB1EA700F000902FE6 /* Contacts.png */; };
		93D3F3C01EA7055500902FE6 /* Places (2).png in Resources */ = {isa = PBXBuildFile; fileRef = 93D3F3BF1EA7055500902FE6 /* Places (2).png */; };
		93D3F3CA1EA7CD3600902FE6 /* ProfileViewController.swift in Sources */ = {isa = PBXBuildFile; fileRef = 93D3F3C91EA7CD3600902FE6 /* ProfileViewController.swift */; };
		93D3F3CC1EA7F15200902FE6 /* app background (1).png in Resources */ = {isa = PBXBuildFile; fileRef = 93D3F3CB1EA7F15200902FE6 /* app background (1).png */; };
		93D3F3CE1EA92DCC00902FE6 /* ContactsController.swift in Sources */ = {isa = PBXBuildFile; fileRef = 93D3F3CD1EA92DCC00902FE6 /* ContactsController.swift */; };
		93D3F3D01EA95BFA00902FE6 /* tablebg.png in Resources */ = {isa = PBXBuildFile; fileRef = 93D3F3CF1EA95BFA00902FE6 /* tablebg.png */; };
		93D3F3D61EAC60D100902FE6 /* MapsController.swift in Sources */ = {isa = PBXBuildFile; fileRef = 93D3F3D51EAC60D100902FE6 /* MapsController.swift */; };
		93D3F3D81EAC678F00902FE6 /* CoreLocation.framework in Frameworks */ = {isa = PBXBuildFile; fileRef = 93D3F3D71EAC678F00902FE6 /* CoreLocation.framework */; };
		93DDA7091EA04F2D0024D1A3 /* models.swift in Sources */ = {isa = PBXBuildFile; fileRef = 93DDA7081EA04F2D0024D1A3 /* models.swift */; };
		93DDA70B1EA055200024D1A3 /* RegisterController.swift in Sources */ = {isa = PBXBuildFile; fileRef = 93DDA70A1EA055200024D1A3 /* RegisterController.swift */; };
		93DDA70D1EA0599F0024D1A3 /* sign-in-transparent.png in Resources */ = {isa = PBXBuildFile; fileRef = 93DDA70C1EA0599F0024D1A3 /* sign-in-transparent.png */; };
		93DDA70F1EA05AAF0024D1A3 /* Sign In light finish.png in Resources */ = {isa = PBXBuildFile; fileRef = 93DDA70E1EA05AAF0024D1A3 /* Sign In light finish.png */; };
		93DDA7111EA06E490024D1A3 /* Register User.png in Resources */ = {isa = PBXBuildFile; fileRef = 93DDA7101EA06E490024D1A3 /* Register User.png */; };
		93DDA7151EA0733B0024D1A3 /* createbutton.png in Resources */ = {isa = PBXBuildFile; fileRef = 93DDA7141EA0733B0024D1A3 /* createbutton.png */; };
		93E700681EAF1FBC00534E69 /* CoreMotion.framework in Frameworks */ = {isa = PBXBuildFile; fileRef = 93E700671EAF1FBC00534E69 /* CoreMotion.framework */; };
		93E7006A1EAF21E300534E69 /* MapKit.framework in Frameworks */ = {isa = PBXBuildFile; fileRef = 93E700691EAF21E300534E69 /* MapKit.framework */; };
		93E700701EAF9B0A00534E69 /* AugController.swift in Sources */ = {isa = PBXBuildFile; fileRef = 93E7006F1EAF9B0A00534E69 /* AugController.swift */; };
		93E700821EAFD0C000534E69 /* PlaceAnnotationswift.swift in Sources */ = {isa = PBXBuildFile; fileRef = 93E700811EAFD0C000534E69 /* PlaceAnnotationswift.swift */; };
		93E700841EB0197600534E69 /* AnnotationView.swift in Sources */ = {isa = PBXBuildFile; fileRef = 93E700831EB0197500534E69 /* AnnotationView.swift */; };
		93E700861EB0F16A00534E69 /* UpdaterController.swift in Sources */ = {isa = PBXBuildFile; fileRef = 93E700851EB0F16A00534E69 /* UpdaterController.swift */; };
		93E7008A1EB8F5B600534E69 /* viewer.png in Resources */ = {isa = PBXBuildFile; fileRef = 93E700891EB8F5B600534E69 /* viewer.png */; };
		93F053841ECF2CEB0066401E /* atkologowhite.png in Resources */ = {isa = PBXBuildFile; fileRef = 93F053831ECF2CEB0066401E /* atkologowhite.png */; };
		93F053861ECF2D1C0066401E /* mobileapp-bg.png in Resources */ = {isa = PBXBuildFile; fileRef = 93F053851ECF2D1C0066401E /* mobileapp-bg.png */; };
		93F0538C1ECF2D890066401E /* ARAnnotation.swift in Sources */ = {isa = PBXBuildFile; fileRef = 93F053871ECF2D880066401E /* ARAnnotation.swift */; };
		93F0538D1ECF2D890066401E /* ARAnnotationView.swift in Sources */ = {isa = PBXBuildFile; fileRef = 93F053881ECF2D890066401E /* ARAnnotationView.swift */; };
		93F0538E1ECF2D890066401E /* ARConfiguration.swift in Sources */ = {isa = PBXBuildFile; fileRef = 93F053891ECF2D890066401E /* ARConfiguration.swift */; };
		93F0538F1ECF2D890066401E /* ARTrackingManager.swift in Sources */ = {isa = PBXBuildFile; fileRef = 93F0538A1ECF2D890066401E /* ARTrackingManager.swift */; };
		93F053901ECF2D890066401E /* ARViewController.swift in Sources */ = {isa = PBXBuildFile; fileRef = 93F0538B1ECF2D890066401E /* ARViewController.swift */; };
		93F053921ECF2EA20066401E /* places.swift in Sources */ = {isa = PBXBuildFile; fileRef = 93F053911ECF2EA20066401E /* places.swift */; };
		93F053941ECF30FB0066401E /* PlacesLoader.swift in Sources */ = {isa = PBXBuildFile; fileRef = 93F053931ECF30FB0066401E /* PlacesLoader.swift */; };
		93F053961ECF3F650066401E /* Updater.png in Resources */ = {isa = PBXBuildFile; fileRef = 93F053951ECF3F650066401E /* Updater.png */; };
		93F053981ECF3FAA0066401E /* IT.png in Resources */ = {isa = PBXBuildFile; fileRef = 93F053971ECF3FAA0066401E /* IT.png */; };
		93F0539A1ECF408E0066401E /* DebugMapViewController.swift in Sources */ = {isa = PBXBuildFile; fileRef = 93F053991ECF408E0066401E /* DebugMapViewController.swift */; };
		E64B1604F96472E31BF46616 /* Pods_Mobile_SignUITests.framework in Frameworks */ = {isa = PBXBuildFile; fileRef = 7574E3E9A50CE40F8CE5E100 /* Pods_Mobile_SignUITests.framework */; };
/* End PBXBuildFile section */

/* Begin PBXContainerItemProxy section */
		9339AF411E9D9CB2001431C2 /* PBXContainerItemProxy */ = {
			isa = PBXContainerItemProxy;
			containerPortal = 9339AF241E9D9CB1001431C2 /* Project object */;
			proxyType = 1;
			remoteGlobalIDString = 9339AF2B1E9D9CB1001431C2;
			remoteInfo = "Mobile-Sign";
		};
		9339AF4C1E9D9CB2001431C2 /* PBXContainerItemProxy */ = {
			isa = PBXContainerItemProxy;
			containerPortal = 9339AF241E9D9CB1001431C2 /* Project object */;
			proxyType = 1;
			remoteGlobalIDString = 9339AF2B1E9D9CB1001431C2;
			remoteInfo = "Mobile-Sign";
		};
/* End PBXContainerItemProxy section */

/* Begin PBXFileReference section */
		29E829E3200E17E2205515F8 /* Pods-Mobile-Sign.debug.xcconfig */ = {isa = PBXFileReference; includeInIndex = 1; lastKnownFileType = text.xcconfig; name = "Pods-Mobile-Sign.debug.xcconfig"; path = "Pods/Target Support Files/Pods-Mobile-Sign/Pods-Mobile-Sign.debug.xcconfig"; sourceTree = "<group>"; };
		318041FC24B8B2E738BD1987 /* Pods-Mobile-SignUITests.debug.xcconfig */ = {isa = PBXFileReference; includeInIndex = 1; lastKnownFileType = text.xcconfig; name = "Pods-Mobile-SignUITests.debug.xcconfig"; path = "Pods/Target Support Files/Pods-Mobile-SignUITests/Pods-Mobile-SignUITests.debug.xcconfig"; sourceTree = "<group>"; };
		489A47FC732A0AA64F3E4629 /* Pods-Mobile-SignTests.release.xcconfig */ = {isa = PBXFileReference; includeInIndex = 1; lastKnownFileType = text.xcconfig; name = "Pods-Mobile-SignTests.release.xcconfig"; path = "Pods/Target Support Files/Pods-Mobile-SignTests/Pods-Mobile-SignTests.release.xcconfig"; sourceTree = "<group>"; };
		4D1DC4DB42FF4007E3B35DA4 /* Pods-Mobile-SignUITests.release.xcconfig */ = {isa = PBXFileReference; includeInIndex = 1; lastKnownFileType = text.xcconfig; name = "Pods-Mobile-SignUITests.release.xcconfig"; path = "Pods/Target Support Files/Pods-Mobile-SignUITests/Pods-Mobile-SignUITests.release.xcconfig"; sourceTree = "<group>"; };
		7574E3E9A50CE40F8CE5E100 /* Pods_Mobile_SignUITests.framework */ = {isa = PBXFileReference; explicitFileType = wrapper.framework; includeInIndex = 0; path = Pods_Mobile_SignUITests.framework; sourceTree = BUILT_PRODUCTS_DIR; };
		86E55E49DE50686827E62043 /* Pods-Mobile-Sign.release.xcconfig */ = {isa = PBXFileReference; includeInIndex = 1; lastKnownFileType = text.xcconfig; name = "Pods-Mobile-Sign.release.xcconfig"; path = "Pods/Target Support Files/Pods-Mobile-Sign/Pods-Mobile-Sign.release.xcconfig"; sourceTree = "<group>"; };
		93199CA01E9DC8AA00918306 /* SecondViewController.swift */ = {isa = PBXFileReference; fileEncoding = 4; lastKnownFileType = sourcecode.swift; path = SecondViewController.swift; sourceTree = "<group>"; };
		93199CA21E9DF23900918306 /* commonviewcontroller.swift */ = {isa = PBXFileReference; fileEncoding = 4; lastKnownFileType = sourcecode.swift; name = commonviewcontroller.swift; path = ../commonviewcontroller.swift; sourceTree = "<group>"; };
		93199CA81E9E87B700918306 /* Van Beek Tech.png */ = {isa = PBXFileReference; lastKnownFileType = image.png; path = "Van Beek Tech.png"; sourceTree = "<group>"; };
		93277B2A1EAEB21300C0FDE4 /* Base */ = {isa = PBXFileReference; lastKnownFileType = file.storyboard; name = Base; path = Base.lproj/Main.storyboard; sourceTree = "<group>"; };
		9339AF2C1E9D9CB2001431C2 /* Mobile-Sign.app */ = {isa = PBXFileReference; explicitFileType = wrapper.application; includeInIndex = 0; path = "Mobile-Sign.app"; sourceTree = BUILT_PRODUCTS_DIR; };
		9339AF2F1E9D9CB2001431C2 /* AppDelegate.swift */ = {isa = PBXFileReference; lastKnownFileType = sourcecode.swift; path = AppDelegate.swift; sourceTree = "<group>"; };
		9339AF311E9D9CB2001431C2 /* ViewController.swift */ = {isa = PBXFileReference; lastKnownFileType = sourcecode.swift; path = ViewController.swift; sourceTree = "<group>"; };
		9339AF361E9D9CB2001431C2 /* Assets.xcassets */ = {isa = PBXFileReference; lastKnownFileType = folder.assetcatalog; path = Assets.xcassets; sourceTree = "<group>"; };
		9339AF391E9D9CB2001431C2 /* Base */ = {isa = PBXFileReference; lastKnownFileType = file.storyboard; name = Base; path = Base.lproj/LaunchScreen.storyboard; sourceTree = "<group>"; };
		9339AF3B1E9D9CB2001431C2 /* Info.plist */ = {isa = PBXFileReference; lastKnownFileType = text.plist.xml; path = Info.plist; sourceTree = "<group>"; };
		9339AF401E9D9CB2001431C2 /* Mobile-SignTests.xctest */ = {isa = PBXFileReference; explicitFileType = wrapper.cfbundle; includeInIndex = 0; path = "Mobile-SignTests.xctest"; sourceTree = BUILT_PRODUCTS_DIR; };
		9339AF441E9D9CB2001431C2 /* Mobile_SignTests.swift */ = {isa = PBXFileReference; lastKnownFileType = sourcecode.swift; path = Mobile_SignTests.swift; sourceTree = "<group>"; };
		9339AF461E9D9CB2001431C2 /* Info.plist */ = {isa = PBXFileReference; lastKnownFileType = text.plist.xml; path = Info.plist; sourceTree = "<group>"; };
		9339AF4B1E9D9CB2001431C2 /* Mobile-SignUITests.xctest */ = {isa = PBXFileReference; explicitFileType = wrapper.cfbundle; includeInIndex = 0; path = "Mobile-SignUITests.xctest"; sourceTree = BUILT_PRODUCTS_DIR; };
		9339AF4F1E9D9CB2001431C2 /* Mobile_SignUITests.swift */ = {isa = PBXFileReference; lastKnownFileType = sourcecode.swift; path = Mobile_SignUITests.swift; sourceTree = "<group>"; };
		9339AF511E9D9CB2001431C2 /* Info.plist */ = {isa = PBXFileReference; lastKnownFileType = text.plist.xml; path = Info.plist; sourceTree = "<group>"; };
		93D3F3B51EA69D9D00902FE6 /* app background.png */ = {isa = PBXFileReference; lastKnownFileType = image.png; path = "app background.png"; sourceTree = "<group>"; };
		93D3F3B91EA6FE9D00902FE6 /* Profile (1).png */ = {isa = PBXFileReference; lastKnownFileType = image.png; path = "Profile (1).png"; sourceTree = "<group>"; };
		93D3F3BB1EA700F000902FE6 /* Contacts.png */ = {isa = PBXFileReference; lastKnownFileType = image.png; path = Contacts.png; sourceTree = "<group>"; };
		93D3F3BF1EA7055500902FE6 /* Places (2).png */ = {isa = PBXFileReference; lastKnownFileType = image.png; path = "Places (2).png"; sourceTree = "<group>"; };
		93D3F3C91EA7CD3600902FE6 /* ProfileViewController.swift */ = {isa = PBXFileReference; fileEncoding = 4; lastKnownFileType = sourcecode.swift; path = ProfileViewController.swift; sourceTree = "<group>"; };
		93D3F3CB1EA7F15200902FE6 /* app background (1).png */ = {isa = PBXFileReference; lastKnownFileType = image.png; path = "app background (1).png"; sourceTree = "<group>"; };
		93D3F3CD1EA92DCC00902FE6 /* ContactsController.swift */ = {isa = PBXFileReference; fileEncoding = 4; lastKnownFileType = sourcecode.swift; path = ContactsController.swift; sourceTree = "<group>"; };
		93D3F3CF1EA95BFA00902FE6 /* tablebg.png */ = {isa = PBXFileReference; lastKnownFileType = image.png; path = tablebg.png; sourceTree = "<group>"; };
		93D3F3D51EAC60D100902FE6 /* MapsController.swift */ = {isa = PBXFileReference; fileEncoding = 4; lastKnownFileType = sourcecode.swift; path = MapsController.swift; sourceTree = "<group>"; };
		93D3F3D71EAC678F00902FE6 /* CoreLocation.framework */ = {isa = PBXFileReference; lastKnownFileType = wrapper.framework; name = CoreLocation.framework; path = System/Library/Frameworks/CoreLocation.framework; sourceTree = SDKROOT; };
		93DDA7081EA04F2D0024D1A3 /* models.swift */ = {isa = PBXFileReference; fileEncoding = 4; lastKnownFileType = sourcecode.swift; path = models.swift; sourceTree = "<group>"; };
		93DDA70A1EA055200024D1A3 /* RegisterController.swift */ = {isa = PBXFileReference; fileEncoding = 4; lastKnownFileType = sourcecode.swift; path = RegisterController.swift; sourceTree = "<group>"; };
		93DDA70C1EA0599F0024D1A3 /* sign-in-transparent.png */ = {isa = PBXFileReference; lastKnownFileType = image.png; path = "sign-in-transparent.png"; sourceTree = "<group>"; };
		93DDA70E1EA05AAF0024D1A3 /* Sign In light finish.png */ = {isa = PBXFileReference; lastKnownFileType = image.png; path = "Sign In light finish.png"; sourceTree = "<group>"; };
		93DDA7101EA06E490024D1A3 /* Register User.png */ = {isa = PBXFileReference; lastKnownFileType = image.png; path = "Register User.png"; sourceTree = "<group>"; };
		93DDA7141EA0733B0024D1A3 /* createbutton.png */ = {isa = PBXFileReference; lastKnownFileType = image.png; path = createbutton.png; sourceTree = "<group>"; };
		93E700671EAF1FBC00534E69 /* CoreMotion.framework */ = {isa = PBXFileReference; lastKnownFileType = wrapper.framework; name = CoreMotion.framework; path = System/Library/Frameworks/CoreMotion.framework; sourceTree = SDKROOT; };
		93E700691EAF21E300534E69 /* MapKit.framework */ = {isa = PBXFileReference; lastKnownFileType = wrapper.framework; name = MapKit.framework; path = System/Library/Frameworks/MapKit.framework; sourceTree = SDKROOT; };
		93E7006F1EAF9B0A00534E69 /* AugController.swift */ = {isa = PBXFileReference; fileEncoding = 4; lastKnownFileType = sourcecode.swift; name = AugController.swift; path = ../AugController.swift; sourceTree = "<group>"; };
		93E700811EAFD0C000534E69 /* PlaceAnnotationswift.swift */ = {isa = PBXFileReference; fileEncoding = 4; lastKnownFileType = sourcecode.swift; path = PlaceAnnotationswift.swift; sourceTree = "<group>"; };
		93E700831EB0197500534E69 /* AnnotationView.swift */ = {isa = PBXFileReference; fileEncoding = 4; lastKnownFileType = sourcecode.swift; path = AnnotationView.swift; sourceTree = "<group>"; };
		93E700851EB0F16A00534E69 /* UpdaterController.swift */ = {isa = PBXFileReference; fileEncoding = 4; lastKnownFileType = sourcecode.swift; path = UpdaterController.swift; sourceTree = "<group>"; };
		93E700891EB8F5B600534E69 /* viewer.png */ = {isa = PBXFileReference; lastKnownFileType = image.png; name = viewer.png; path = ../../../../Downloads/viewer.png; sourceTree = "<group>"; };
		93F053831ECF2CEB0066401E /* atkologowhite.png */ = {isa = PBXFileReference; lastKnownFileType = image.png; path = atkologowhite.png; sourceTree = "<group>"; };
		93F053851ECF2D1C0066401E /* mobileapp-bg.png */ = {isa = PBXFileReference; lastKnownFileType = image.png; path = "mobileapp-bg.png"; sourceTree = "<group>"; };
		93F053871ECF2D880066401E /* ARAnnotation.swift */ = {isa = PBXFileReference; fileEncoding = 4; lastKnownFileType = sourcecode.swift; path = ARAnnotation.swift; sourceTree = "<group>"; };
		93F053881ECF2D890066401E /* ARAnnotationView.swift */ = {isa = PBXFileReference; fileEncoding = 4; lastKnownFileType = sourcecode.swift; path = ARAnnotationView.swift; sourceTree = "<group>"; };
		93F053891ECF2D890066401E /* ARConfiguration.swift */ = {isa = PBXFileReference; fileEncoding = 4; lastKnownFileType = sourcecode.swift; path = ARConfiguration.swift; sourceTree = "<group>"; };
		93F0538A1ECF2D890066401E /* ARTrackingManager.swift */ = {isa = PBXFileReference; fileEncoding = 4; lastKnownFileType = sourcecode.swift; path = ARTrackingManager.swift; sourceTree = "<group>"; };
		93F0538B1ECF2D890066401E /* ARViewController.swift */ = {isa = PBXFileReference; fileEncoding = 4; lastKnownFileType = sourcecode.swift; path = ARViewController.swift; sourceTree = "<group>"; };
		93F053911ECF2EA20066401E /* places.swift */ = {isa = PBXFileReference; fileEncoding = 4; lastKnownFileType = sourcecode.swift; name = places.swift; path = ../places.swift; sourceTree = "<group>"; };
		93F053931ECF30FB0066401E /* PlacesLoader.swift */ = {isa = PBXFileReference; fileEncoding = 4; lastKnownFileType = sourcecode.swift; path = PlacesLoader.swift; sourceTree = "<group>"; };
		93F053951ECF3F650066401E /* Updater.png */ = {isa = PBXFileReference; lastKnownFileType = image.png; path = Updater.png; sourceTree = "<group>"; };
		93F053971ECF3FAA0066401E /* IT.png */ = {isa = PBXFileReference; lastKnownFileType = image.png; path = IT.png; sourceTree = "<group>"; };
		93F053991ECF408E0066401E /* DebugMapViewController.swift */ = {isa = PBXFileReference; fileEncoding = 4; lastKnownFileType = sourcecode.swift; path = DebugMapViewController.swift; sourceTree = "<group>"; };
		F2A9D86FADC7A282FF86DB98 /* Pods_Mobile_Sign.framework */ = {isa = PBXFileReference; explicitFileType = wrapper.framework; includeInIndex = 0; path = Pods_Mobile_Sign.framework; sourceTree = BUILT_PRODUCTS_DIR; };
		F742A02AE4E49602D69445CA /* Pods_Mobile_SignTests.framework */ = {isa = PBXFileReference; explicitFileType = wrapper.framework; includeInIndex = 0; path = Pods_Mobile_SignTests.framework; sourceTree = BUILT_PRODUCTS_DIR; };
		FF3D71E4AAB453B24FF73534 /* Pods-Mobile-SignTests.debug.xcconfig */ = {isa = PBXFileReference; includeInIndex = 1; lastKnownFileType = text.xcconfig; name = "Pods-Mobile-SignTests.debug.xcconfig"; path = "Pods/Target Support Files/Pods-Mobile-SignTests/Pods-Mobile-SignTests.debug.xcconfig"; sourceTree = "<group>"; };
/* End PBXFileReference section */

/* Begin PBXFrameworksBuildPhase section */
		9339AF291E9D9CB1001431C2 /* Frameworks */ = {
			isa = PBXFrameworksBuildPhase;
			buildActionMask = 2147483647;
			files = (
				93E7006A1EAF21E300534E69 /* MapKit.framework in Frameworks */,
				93E700681EAF1FBC00534E69 /* CoreMotion.framework in Frameworks */,
				93D3F3D81EAC678F00902FE6 /* CoreLocation.framework in Frameworks */,
				41879AED43AA09CDE91C1E98 /* Pods_Mobile_Sign.framework in Frameworks */,
			);
			runOnlyForDeploymentPostprocessing = 0;
		};
		9339AF3D1E9D9CB2001431C2 /* Frameworks */ = {
			isa = PBXFrameworksBuildPhase;
			buildActionMask = 2147483647;
			files = (
				0AA7AF0F306368D1239DFA69 /* Pods_Mobile_SignTests.framework in Frameworks */,
			);
			runOnlyForDeploymentPostprocessing = 0;
		};
		9339AF481E9D9CB2001431C2 /* Frameworks */ = {
			isa = PBXFrameworksBuildPhase;
			buildActionMask = 2147483647;
			files = (
				E64B1604F96472E31BF46616 /* Pods_Mobile_SignUITests.framework in Frameworks */,
			);
			runOnlyForDeploymentPostprocessing = 0;
		};
/* End PBXFrameworksBuildPhase section */

/* Begin PBXGroup section */
		3A184EEFD8BBBC091AFD783A /* Pods */ = {
			isa = PBXGroup;
			children = (
				29E829E3200E17E2205515F8 /* Pods-Mobile-Sign.debug.xcconfig */,
				86E55E49DE50686827E62043 /* Pods-Mobile-Sign.release.xcconfig */,
				FF3D71E4AAB453B24FF73534 /* Pods-Mobile-SignTests.debug.xcconfig */,
				489A47FC732A0AA64F3E4629 /* Pods-Mobile-SignTests.release.xcconfig */,
				318041FC24B8B2E738BD1987 /* Pods-Mobile-SignUITests.debug.xcconfig */,
				4D1DC4DB42FF4007E3B35DA4 /* Pods-Mobile-SignUITests.release.xcconfig */,
			);
			name = Pods;
			sourceTree = "<group>";
		};
		875C7C7CC4A3D027C4EDC730 /* Frameworks */ = {
			isa = PBXGroup;
			children = (
				93E700691EAF21E300534E69 /* MapKit.framework */,
				93E700671EAF1FBC00534E69 /* CoreMotion.framework */,
				93D3F3D71EAC678F00902FE6 /* CoreLocation.framework */,
				F2A9D86FADC7A282FF86DB98 /* Pods_Mobile_Sign.framework */,
				F742A02AE4E49602D69445CA /* Pods_Mobile_SignTests.framework */,
				7574E3E9A50CE40F8CE5E100 /* Pods_Mobile_SignUITests.framework */,
			);
			name = Frameworks;
			sourceTree = "<group>";
		};
		9339AF231E9D9CB1001431C2 = {
			isa = PBXGroup;
			children = (
				9339AF2E1E9D9CB2001431C2 /* Mobile-Sign */,
				9339AF431E9D9CB2001431C2 /* Mobile-SignTests */,
				9339AF4E1E9D9CB2001431C2 /* Mobile-SignUITests */,
				9339AF2D1E9D9CB2001431C2 /* Products */,
				3A184EEFD8BBBC091AFD783A /* Pods */,
				875C7C7CC4A3D027C4EDC730 /* Frameworks */,
			);
			sourceTree = "<group>";
		};
		9339AF2D1E9D9CB2001431C2 /* Products */ = {
			isa = PBXGroup;
			children = (
				9339AF2C1E9D9CB2001431C2 /* Mobile-Sign.app */,
				9339AF401E9D9CB2001431C2 /* Mobile-SignTests.xctest */,
				9339AF4B1E9D9CB2001431C2 /* Mobile-SignUITests.xctest */,
			);
			name = Products;
			sourceTree = "<group>";
		};
		9339AF2E1E9D9CB2001431C2 /* Mobile-Sign */ = {
			isa = PBXGroup;
			children = (
				93E7006F1EAF9B0A00534E69 /* AugController.swift */,
				93199CA21E9DF23900918306 /* commonviewcontroller.swift */,
				93F053911ECF2EA20066401E /* places.swift */,
				9339AF2F1E9D9CB2001431C2 /* AppDelegate.swift */,
				9339AF311E9D9CB2001431C2 /* ViewController.swift */,
				93DDA7081EA04F2D0024D1A3 /* models.swift */,
				93199CA01E9DC8AA00918306 /* SecondViewController.swift */,
				93D3F3CD1EA92DCC00902FE6 /* ContactsController.swift */,
				93F053931ECF30FB0066401E /* PlacesLoader.swift */,
				93F053951ECF3F650066401E /* Updater.png */,
				93E700811EAFD0C000534E69 /* PlaceAnnotationswift.swift */,
				93E700891EB8F5B600534E69 /* viewer.png */,
				93D3F3C91EA7CD3600902FE6 /* ProfileViewController.swift */,
				93277B291EAEB21300C0FDE4 /* Main.storyboard */,
				93E700831EB0197500534E69 /* AnnotationView.swift */,
				93F053871ECF2D880066401E /* ARAnnotation.swift */,
				93F053991ECF408E0066401E /* DebugMapViewController.swift */,
				93F053881ECF2D890066401E /* ARAnnotationView.swift */,
				93F053891ECF2D890066401E /* ARConfiguration.swift */,
				93F0538A1ECF2D890066401E /* ARTrackingManager.swift */,
				93F0538B1ECF2D890066401E /* ARViewController.swift */,
				93DDA70A1EA055200024D1A3 /* RegisterController.swift */,
				93DDA70E1EA05AAF0024D1A3 /* Sign In light finish.png */,
				9339AF361E9D9CB2001431C2 /* Assets.xcassets */,
				9339AF381E9D9CB2001431C2 /* LaunchScreen.storyboard */,
				9339AF3B1E9D9CB2001431C2 /* Info.plist */,
				93D3F3D51EAC60D100902FE6 /* MapsController.swift */,
				93E700851EB0F16A00534E69 /* UpdaterController.swift */,
				93F053851ECF2D1C0066401E /* mobileapp-bg.png */,
				93F053971ECF3FAA0066401E /* IT.png */,
				93DDA7101EA06E490024D1A3 /* Register User.png */,
				93F053831ECF2CEB0066401E /* atkologowhite.png */,
				93199CA81E9E87B700918306 /* Van Beek Tech.png */,
				93D3F3B51EA69D9D00902FE6 /* app background.png */,
				93DDA70C1EA0599F0024D1A3 /* sign-in-transparent.png */,
				93DDA7141EA0733B0024D1A3 /* createbutton.png */,
				93D3F3B91EA6FE9D00902FE6 /* Profile (1).png */,
				93D3F3BB1EA700F000902FE6 /* Contacts.png */,
				93D3F3BF1EA7055500902FE6 /* Places (2).png */,
				93D3F3CF1EA95BFA00902FE6 /* tablebg.png */,
				93D3F3CB1EA7F15200902FE6 /* app background (1).png */,
			);
			path = "Mobile-Sign";
			sourceTree = "<group>";
		};
		9339AF431E9D9CB2001431C2 /* Mobile-SignTests */ = {
			isa = PBXGroup;
			children = (
				9339AF441E9D9CB2001431C2 /* Mobile_SignTests.swift */,
				9339AF461E9D9CB2001431C2 /* Info.plist */,
			);
			path = "Mobile-SignTests";
			sourceTree = "<group>";
		};
		9339AF4E1E9D9CB2001431C2 /* Mobile-SignUITests */ = {
			isa = PBXGroup;
			children = (
				9339AF4F1E9D9CB2001431C2 /* Mobile_SignUITests.swift */,
				9339AF511E9D9CB2001431C2 /* Info.plist */,
			);
			path = "Mobile-SignUITests";
			sourceTree = "<group>";
		};
/* End PBXGroup section */

/* Begin PBXNativeTarget section */
		9339AF2B1E9D9CB1001431C2 /* Mobile-Sign */ = {
			isa = PBXNativeTarget;
			buildConfigurationList = 9339AF541E9D9CB2001431C2 /* Build configuration list for PBXNativeTarget "Mobile-Sign" */;
			buildPhases = (
				DEFCB4976CDFD15661EF56AD /* [CP] Check Pods Manifest.lock */,
				9339AF281E9D9CB1001431C2 /* Sources */,
				9339AF291E9D9CB1001431C2 /* Frameworks */,
				9339AF2A1E9D9CB1001431C2 /* Resources */,
				AF66648EAAD13CC8F23A5EE1 /* [CP] Embed Pods Frameworks */,
				BF320B15584951F6561C3E8B /* [CP] Copy Pods Resources */,
			);
			buildRules = (
			);
			dependencies = (
			);
			name = "Mobile-Sign";
			productName = "Mobile-Sign";
			productReference = 9339AF2C1E9D9CB2001431C2 /* Mobile-Sign.app */;
			productType = "com.apple.product-type.application";
		};
		9339AF3F1E9D9CB2001431C2 /* Mobile-SignTests */ = {
			isa = PBXNativeTarget;
			buildConfigurationList = 9339AF571E9D9CB2001431C2 /* Build configuration list for PBXNativeTarget "Mobile-SignTests" */;
			buildPhases = (
				F2C6C44AC2C1CB54FA69177B /* [CP] Check Pods Manifest.lock */,
				9339AF3C1E9D9CB2001431C2 /* Sources */,
				9339AF3D1E9D9CB2001431C2 /* Frameworks */,
				9339AF3E1E9D9CB2001431C2 /* Resources */,
				FB14E565D06DCDCD75E49E14 /* [CP] Embed Pods Frameworks */,
				7D0A03F818A7A6A0257E1D30 /* [CP] Copy Pods Resources */,
			);
			buildRules = (
			);
			dependencies = (
				9339AF421E9D9CB2001431C2 /* PBXTargetDependency */,
			);
			name = "Mobile-SignTests";
			productName = "Mobile-SignTests";
			productReference = 9339AF401E9D9CB2001431C2 /* Mobile-SignTests.xctest */;
			productType = "com.apple.product-type.bundle.unit-test";
		};
		9339AF4A1E9D9CB2001431C2 /* Mobile-SignUITests */ = {
			isa = PBXNativeTarget;
			buildConfigurationList = 9339AF5A1E9D9CB2001431C2 /* Build configuration list for PBXNativeTarget "Mobile-SignUITests" */;
			buildPhases = (
				CAD56F6B7DE81CC72AAEB19C /* [CP] Check Pods Manifest.lock */,
				9339AF471E9D9CB2001431C2 /* Sources */,
				9339AF481E9D9CB2001431C2 /* Frameworks */,
				9339AF491E9D9CB2001431C2 /* Resources */,
				938FE8E6C02E9E9E22D7B043 /* [CP] Embed Pods Frameworks */,
				985933E16AAC2468B9929143 /* [CP] Copy Pods Resources */,
			);
			buildRules = (
			);
			dependencies = (
				9339AF4D1E9D9CB2001431C2 /* PBXTargetDependency */,
			);
			name = "Mobile-SignUITests";
			productName = "Mobile-SignUITests";
			productReference = 9339AF4B1E9D9CB2001431C2 /* Mobile-SignUITests.xctest */;
			productType = "com.apple.product-type.bundle.ui-testing";
		};
/* End PBXNativeTarget section */

/* Begin PBXProject section */
		9339AF241E9D9CB1001431C2 /* Project object */ = {
			isa = PBXProject;
			attributes = {
				LastSwiftUpdateCheck = 0820;
				LastUpgradeCheck = 0820;
				ORGANIZATIONNAME = "Andrew Van Beek";
				TargetAttributes = {
					9339AF2B1E9D9CB1001431C2 = {
						CreatedOnToolsVersion = 8.2.1;
						DevelopmentTeam = RJ2SYXWQS9;
						ProvisioningStyle = Automatic;
					};
					9339AF3F1E9D9CB2001431C2 = {
						CreatedOnToolsVersion = 8.2.1;
						DevelopmentTeam = RJ2SYXWQS9;
						ProvisioningStyle = Automatic;
						TestTargetID = 9339AF2B1E9D9CB1001431C2;
					};
					9339AF4A1E9D9CB2001431C2 = {
						CreatedOnToolsVersion = 8.2.1;
						DevelopmentTeam = RJ2SYXWQS9;
						ProvisioningStyle = Automatic;
						TestTargetID = 9339AF2B1E9D9CB1001431C2;
					};
				};
			};
			buildConfigurationList = 9339AF271E9D9CB1001431C2 /* Build configuration list for PBXProject "Mobile-Sign" */;
			compatibilityVersion = "Xcode 3.2";
			developmentRegion = English;
			hasScannedForEncodings = 0;
			knownRegions = (
				en,
				Base,
			);
			mainGroup = 9339AF231E9D9CB1001431C2;
			productRefGroup = 9339AF2D1E9D9CB2001431C2 /* Products */;
			projectDirPath = "";
			projectRoot = "";
			targets = (
				9339AF2B1E9D9CB1001431C2 /* Mobile-Sign */,
				9339AF3F1E9D9CB2001431C2 /* Mobile-SignTests */,
				9339AF4A1E9D9CB2001431C2 /* Mobile-SignUITests */,
			);
		};
/* End PBXProject section */

/* Begin PBXResourcesBuildPhase section */
		9339AF2A1E9D9CB1001431C2 /* Resources */ = {
			isa = PBXResourcesBuildPhase;
			buildActionMask = 2147483647;
			files = (
				93DDA70D1EA0599F0024D1A3 /* sign-in-transparent.png in Resources */,
				93F053841ECF2CEB0066401E /* atkologowhite.png in Resources */,
				93D3F3BA1EA6FE9D00902FE6 /* Profile (1).png in Resources */,
				93F053981ECF3FAA0066401E /* IT.png in Resources */,
				93D3F3BC1EA700F000902FE6 /* Contacts.png in Resources */,
				93E7008A1EB8F5B600534E69 /* viewer.png in Resources */,
				93F053961ECF3F650066401E /* Updater.png in Resources */,
				9339AF3A1E9D9CB2001431C2 /* LaunchScreen.storyboard in Resources */,
				93DDA7111EA06E490024D1A3 /* Register User.png in Resources */,
				93199CA91E9E87B700918306 /* Van Beek Tech.png in Resources */,
				93DDA70F1EA05AAF0024D1A3 /* Sign In light finish.png in Resources */,
				9339AF371E9D9CB2001431C2 /* Assets.xcassets in Resources */,
				93D3F3D01EA95BFA00902FE6 /* tablebg.png in Resources */,
				93DDA7151EA0733B0024D1A3 /* createbutton.png in Resources */,
				93D3F3CC1EA7F15200902FE6 /* app background (1).png in Resources */,
				93D3F3B61EA69D9D00902FE6 /* app background.png in Resources */,
				93277B2B1EAEB21300C0FDE4 /* Main.storyboard in Resources */,
				93F053861ECF2D1C0066401E /* mobileapp-bg.png in Resources */,
				93D3F3C01EA7055500902FE6 /* Places (2).png in Resources */,
			);
			runOnlyForDeploymentPostprocessing = 0;
		};
		9339AF3E1E9D9CB2001431C2 /* Resources */ = {
			isa = PBXResourcesBuildPhase;
			buildActionMask = 2147483647;
			files = (
			);
			runOnlyForDeploymentPostprocessing = 0;
		};
		9339AF491E9D9CB2001431C2 /* Resources */ = {
			isa = PBXResourcesBuildPhase;
			buildActionMask = 2147483647;
			files = (
			);
			runOnlyForDeploymentPostprocessing = 0;
		};
/* End PBXResourcesBuildPhase section */

/* Begin PBXShellScriptBuildPhase section */
		7D0A03F818A7A6A0257E1D30 /* [CP] Copy Pods Resources */ = {
			isa = PBXShellScriptBuildPhase;
			buildActionMask = 2147483647;
			files = (
			);
			inputPaths = (
			);
			name = "[CP] Copy Pods Resources";
			outputPaths = (
			);
			runOnlyForDeploymentPostprocessing = 0;
			shellPath = /bin/sh;
			shellScript = "\"${SRCROOT}/Pods/Target Support Files/Pods-Mobile-SignTests/Pods-Mobile-SignTests-resources.sh\"\n";
			showEnvVarsInLog = 0;
		};
		938FE8E6C02E9E9E22D7B043 /* [CP] Embed Pods Frameworks */ = {
			isa = PBXShellScriptBuildPhase;
			buildActionMask = 2147483647;
			files = (
			);
			inputPaths = (
			);
			name = "[CP] Embed Pods Frameworks";
			outputPaths = (
			);
			runOnlyForDeploymentPostprocessing = 0;
			shellPath = /bin/sh;
			shellScript = "\"${SRCROOT}/Pods/Target Support Files/Pods-Mobile-SignUITests/Pods-Mobile-SignUITests-frameworks.sh\"\n";
			showEnvVarsInLog = 0;
		};
		985933E16AAC2468B9929143 /* [CP] Copy Pods Resources */ = {
			isa = PBXShellScriptBuildPhase;
			buildActionMask = 2147483647;
			files = (
			);
			inputPaths = (
			);
			name = "[CP] Copy Pods Resources";
			outputPaths = (
			);
			runOnlyForDeploymentPostprocessing = 0;
			shellPath = /bin/sh;
			shellScript = "\"${SRCROOT}/Pods/Target Support Files/Pods-Mobile-SignUITests/Pods-Mobile-SignUITests-resources.sh\"\n";
			showEnvVarsInLog = 0;
		};
		AF66648EAAD13CC8F23A5EE1 /* [CP] Embed Pods Frameworks */ = {
			isa = PBXShellScriptBuildPhase;
			buildActionMask = 2147483647;
			files = (
			);
			inputPaths = (
			);
			name = "[CP] Embed Pods Frameworks";
			outputPaths = (
			);
			runOnlyForDeploymentPostprocessing = 0;
			shellPath = /bin/sh;
			shellScript = "\"${SRCROOT}/Pods/Target Support Files/Pods-Mobile-Sign/Pods-Mobile-Sign-frameworks.sh\"\n";
			showEnvVarsInLog = 0;
		};
		BF320B15584951F6561C3E8B /* [CP] Copy Pods Resources */ = {
			isa = PBXShellScriptBuildPhase;
			buildActionMask = 2147483647;
			files = (
			);
			inputPaths = (
			);
			name = "[CP] Copy Pods Resources";
			outputPaths = (
			);
			runOnlyForDeploymentPostprocessing = 0;
			shellPath = /bin/sh;
			shellScript = "\"${SRCROOT}/Pods/Target Support Files/Pods-Mobile-Sign/Pods-Mobile-Sign-resources.sh\"\n";
			showEnvVarsInLog = 0;
		};
		CAD56F6B7DE81CC72AAEB19C /* [CP] Check Pods Manifest.lock */ = {
			isa = PBXShellScriptBuildPhase;
			buildActionMask = 2147483647;
			files = (
			);
			inputPaths = (
			);
			name = "[CP] Check Pods Manifest.lock";
			outputPaths = (
			);
			runOnlyForDeploymentPostprocessing = 0;
			shellPath = /bin/sh;
			shellScript = "diff \"${PODS_PODFILE_DIR_PATH}/Podfile.lock\" \"${PODS_ROOT}/Manifest.lock\" > /dev/null\nif [ $? != 0 ] ; then\n    # print error to STDERR\n    echo \"error: The sandbox is not in sync with the Podfile.lock. Run 'pod install' or update your CocoaPods installation.\" >&2\n    exit 1\nfi\n";
			showEnvVarsInLog = 0;
		};
		DEFCB4976CDFD15661EF56AD /* [CP] Check Pods Manifest.lock */ = {
			isa = PBXShellScriptBuildPhase;
			buildActionMask = 2147483647;
			files = (
			);
			inputPaths = (
			);
			name = "[CP] Check Pods Manifest.lock";
			outputPaths = (
			);
			runOnlyForDeploymentPostprocessing = 0;
			shellPath = /bin/sh;
			shellScript = "diff \"${PODS_PODFILE_DIR_PATH}/Podfile.lock\" \"${PODS_ROOT}/Manifest.lock\" > /dev/null\nif [ $? != 0 ] ; then\n    # print error to STDERR\n    echo \"error: The sandbox is not in sync with the Podfile.lock. Run 'pod install' or update your CocoaPods installation.\" >&2\n    exit 1\nfi\n";
			showEnvVarsInLog = 0;
		};
		F2C6C44AC2C1CB54FA69177B /* [CP] Check Pods Manifest.lock */ = {
			isa = PBXShellScriptBuildPhase;
			buildActionMask = 2147483647;
			files = (
			);
			inputPaths = (
			);
			name = "[CP] Check Pods Manifest.lock";
			outputPaths = (
			);
			runOnlyForDeploymentPostprocessing = 0;
			shellPath = /bin/sh;
			shellScript = "diff \"${PODS_PODFILE_DIR_PATH}/Podfile.lock\" \"${PODS_ROOT}/Manifest.lock\" > /dev/null\nif [ $? != 0 ] ; then\n    # print error to STDERR\n    echo \"error: The sandbox is not in sync with the Podfile.lock. Run 'pod install' or update your CocoaPods installation.\" >&2\n    exit 1\nfi\n";
			showEnvVarsInLog = 0;
		};
		FB14E565D06DCDCD75E49E14 /* [CP] Embed Pods Frameworks */ = {
			isa = PBXShellScriptBuildPhase;
			buildActionMask = 2147483647;
			files = (
			);
			inputPaths = (
			);
			name = "[CP] Embed Pods Frameworks";
			outputPaths = (
			);
			runOnlyForDeploymentPostprocessing = 0;
			shellPath = /bin/sh;
			shellScript = "\"${SRCROOT}/Pods/Target Support Files/Pods-Mobile-SignTests/Pods-Mobile-SignTests-frameworks.sh\"\n";
			showEnvVarsInLog = 0;
		};
/* End PBXShellScriptBuildPhase section */

/* Begin PBXSourcesBuildPhase section */
		9339AF281E9D9CB1001431C2 /* Sources */ = {
			isa = PBXSourcesBuildPhase;
			buildActionMask = 2147483647;
			files = (
				93DDA7091EA04F2D0024D1A3 /* models.swift in Sources */,
				93F0539A1ECF408E0066401E /* DebugMapViewController.swift in Sources */,
				93F0538F1ECF2D890066401E /* ARTrackingManager.swift in Sources */,
				93F0538C1ECF2D890066401E /* ARAnnotation.swift in Sources */,
				93199CA11E9DC8AA00918306 /* SecondViewController.swift in Sources */,
				93F0538D1ECF2D890066401E /* ARAnnotationView.swift in Sources */,
				93E700821EAFD0C000534E69 /* PlaceAnnotationswift.swift in Sources */,
				93DDA70B1EA055200024D1A3 /* RegisterController.swift in Sources */,
				93F053901ECF2D890066401E /* ARViewController.swift in Sources */,
				93D3F3CE1EA92DCC00902FE6 /* ContactsController.swift in Sources */,
				93199CA31E9DF23900918306 /* commonviewcontroller.swift in Sources */,
				93D3F3D61EAC60D100902FE6 /* MapsController.swift in Sources */,
				93E700841EB0197600534E69 /* AnnotationView.swift in Sources */,
				93F053941ECF30FB0066401E /* PlacesLoader.swift in Sources */,
				9339AF321E9D9CB2001431C2 /* ViewController.swift in Sources */,
				93D3F3CA1EA7CD3600902FE6 /* ProfileViewController.swift in Sources */,
				93F0538E1ECF2D890066401E /* ARConfiguration.swift in Sources */,
				93E700701EAF9B0A00534E69 /* AugController.swift in Sources */,
				93F053921ECF2EA20066401E /* places.swift in Sources */,
				9339AF301E9D9CB2001431C2 /* AppDelegate.swift in Sources */,
				93E700861EB0F16A00534E69 /* UpdaterController.swift in Sources */,
			);
			runOnlyForDeploymentPostprocessing = 0;
		};
		9339AF3C1E9D9CB2001431C2 /* Sources */ = {
			isa = PBXSourcesBuildPhase;
			buildActionMask = 2147483647;
			files = (
				9339AF451E9D9CB2001431C2 /* Mobile_SignTests.swift in Sources */,
			);
			runOnlyForDeploymentPostprocessing = 0;
		};
		9339AF471E9D9CB2001431C2 /* Sources */ = {
			isa = PBXSourcesBuildPhase;
			buildActionMask = 2147483647;
			files = (
				9339AF501E9D9CB2001431C2 /* Mobile_SignUITests.swift in Sources */,
			);
			runOnlyForDeploymentPostprocessing = 0;
		};
/* End PBXSourcesBuildPhase section */

/* Begin PBXTargetDependency section */
		9339AF421E9D9CB2001431C2 /* PBXTargetDependency */ = {
			isa = PBXTargetDependency;
			target = 9339AF2B1E9D9CB1001431C2 /* Mobile-Sign */;
			targetProxy = 9339AF411E9D9CB2001431C2 /* PBXContainerItemProxy */;
		};
		9339AF4D1E9D9CB2001431C2 /* PBXTargetDependency */ = {
			isa = PBXTargetDependency;
			target = 9339AF2B1E9D9CB1001431C2 /* Mobile-Sign */;
			targetProxy = 9339AF4C1E9D9CB2001431C2 /* PBXContainerItemProxy */;
		};
/* End PBXTargetDependency section */

/* Begin PBXVariantGroup section */
		93277B291EAEB21300C0FDE4 /* Main.storyboard */ = {
			isa = PBXVariantGroup;
			children = (
				93277B2A1EAEB21300C0FDE4 /* Base */,
			);
			name = Main.storyboard;
			sourceTree = "<group>";
		};
		9339AF381E9D9CB2001431C2 /* LaunchScreen.storyboard */ = {
			isa = PBXVariantGroup;
			children = (
				9339AF391E9D9CB2001431C2 /* Base */,
			);
			name = LaunchScreen.storyboard;
			sourceTree = "<group>";
		};
/* End PBXVariantGroup section */

/* Begin XCBuildConfiguration section */
		9339AF521E9D9CB2001431C2 /* Debug */ = {
			isa = XCBuildConfiguration;
			buildSettings = {
				ALWAYS_SEARCH_USER_PATHS = NO;
				CLANG_ANALYZER_NONNULL = YES;
				CLANG_CXX_LANGUAGE_STANDARD = "gnu++0x";
				CLANG_CXX_LIBRARY = "libc++";
				CLANG_ENABLE_MODULES = YES;
				CLANG_ENABLE_OBJC_ARC = YES;
				CLANG_WARN_BOOL_CONVERSION = YES;
				CLANG_WARN_CONSTANT_CONVERSION = YES;
				CLANG_WARN_DIRECT_OBJC_ISA_USAGE = YES_ERROR;
				CLANG_WARN_DOCUMENTATION_COMMENTS = YES;
				CLANG_WARN_EMPTY_BODY = YES;
				CLANG_WARN_ENUM_CONVERSION = YES;
				CLANG_WARN_INFINITE_RECURSION = YES;
				CLANG_WARN_INT_CONVERSION = YES;
				CLANG_WARN_OBJC_ROOT_CLASS = YES_ERROR;
				CLANG_WARN_SUSPICIOUS_MOVE = YES;
				CLANG_WARN_UNREACHABLE_CODE = YES;
				CLANG_WARN__DUPLICATE_METHOD_MATCH = YES;
				"CODE_SIGN_IDENTITY[sdk=iphoneos*]" = "iPhone Developer";
				COPY_PHASE_STRIP = NO;
				DEBUG_INFORMATION_FORMAT = dwarf;
				ENABLE_STRICT_OBJC_MSGSEND = YES;
				ENABLE_TESTABILITY = YES;
				GCC_C_LANGUAGE_STANDARD = gnu99;
				GCC_DYNAMIC_NO_PIC = NO;
				GCC_NO_COMMON_BLOCKS = YES;
				GCC_OPTIMIZATION_LEVEL = 0;
				GCC_PREPROCESSOR_DEFINITIONS = (
					"DEBUG=1",
					"$(inherited)",
				);
				GCC_WARN_64_TO_32_BIT_CONVERSION = YES;
				GCC_WARN_ABOUT_RETURN_TYPE = YES_ERROR;
				GCC_WARN_UNDECLARED_SELECTOR = YES;
				GCC_WARN_UNINITIALIZED_AUTOS = YES_AGGRESSIVE;
				GCC_WARN_UNUSED_FUNCTION = YES;
				GCC_WARN_UNUSED_VARIABLE = YES;
				IPHONEOS_DEPLOYMENT_TARGET = 10.2;
				MTL_ENABLE_DEBUG_INFO = YES;
				ONLY_ACTIVE_ARCH = YES;
				SDKROOT = iphoneos;
				SWIFT_ACTIVE_COMPILATION_CONDITIONS = DEBUG;
				SWIFT_OPTIMIZATION_LEVEL = "-Onone";
				TARGETED_DEVICE_FAMILY = "1,2";
			};
			name = Debug;
		};
		9339AF531E9D9CB2001431C2 /* Release */ = {
			isa = XCBuildConfiguration;
			buildSettings = {
				ALWAYS_SEARCH_USER_PATHS = NO;
				CLANG_ANALYZER_NONNULL = YES;
				CLANG_CXX_LANGUAGE_STANDARD = "gnu++0x";
				CLANG_CXX_LIBRARY = "libc++";
				CLANG_ENABLE_MODULES = YES;
				CLANG_ENABLE_OBJC_ARC = YES;
				CLANG_WARN_BOOL_CONVERSION = YES;
				CLANG_WARN_CONSTANT_CONVERSION = YES;
				CLANG_WARN_DIRECT_OBJC_ISA_USAGE = YES_ERROR;
				CLANG_WARN_DOCUMENTATION_COMMENTS = YES;
				CLANG_WARN_EMPTY_BODY = YES;
				CLANG_WARN_ENUM_CONVERSION = YES;
				CLANG_WARN_INFINITE_RECURSION = YES;
				CLANG_WARN_INT_CONVERSION = YES;
				CLANG_WARN_OBJC_ROOT_CLASS = YES_ERROR;
				CLANG_WARN_SUSPICIOUS_MOVE = YES;
				CLANG_WARN_UNREACHABLE_CODE = YES;
				CLANG_WARN__DUPLICATE_METHOD_MATCH = YES;
				"CODE_SIGN_IDENTITY[sdk=iphoneos*]" = "iPhone Developer";
				COPY_PHASE_STRIP = NO;
				DEBUG_INFORMATION_FORMAT = "dwarf-with-dsym";
				ENABLE_NS_ASSERTIONS = NO;
				ENABLE_STRICT_OBJC_MSGSEND = YES;
				GCC_C_LANGUAGE_STANDARD = gnu99;
				GCC_NO_COMMON_BLOCKS = YES;
				GCC_WARN_64_TO_32_BIT_CONVERSION = YES;
				GCC_WARN_ABOUT_RETURN_TYPE = YES_ERROR;
				GCC_WARN_UNDECLARED_SELECTOR = YES;
				GCC_WARN_UNINITIALIZED_AUTOS = YES_AGGRESSIVE;
				GCC_WARN_UNUSED_FUNCTION = YES;
				GCC_WARN_UNUSED_VARIABLE = YES;
				IPHONEOS_DEPLOYMENT_TARGET = 10.2;
				MTL_ENABLE_DEBUG_INFO = NO;
				SDKROOT = iphoneos;
				SWIFT_OPTIMIZATION_LEVEL = "-Owholemodule";
				TARGETED_DEVICE_FAMILY = "1,2";
				VALIDATE_PRODUCT = YES;
			};
			name = Release;
		};
		9339AF551E9D9CB2001431C2 /* Debug */ = {
			isa = XCBuildConfiguration;
			baseConfigurationReference = 29E829E3200E17E2205515F8 /* Pods-Mobile-Sign.debug.xcconfig */;
			buildSettings = {
				ASSETCATALOG_COMPILER_APPICON_NAME = AppIcon;
				DEVELOPMENT_TEAM = RJ2SYXWQS9;
				INFOPLIST_FILE = "Mobile-Sign/Info.plist";
				LD_RUNPATH_SEARCH_PATHS = "$(inherited) @executable_path/Frameworks";
				PRODUCT_BUNDLE_IDENTIFIER = "avb.Mobile-Signse";
				PRODUCT_NAME = "$(TARGET_NAME)";
				SWIFT_VERSION = 3.0;
			};
			name = Debug;
		};
		9339AF561E9D9CB2001431C2 /* Release */ = {
			isa = XCBuildConfiguration;
			baseConfigurationReference = 86E55E49DE50686827E62043 /* Pods-Mobile-Sign.release.xcconfig */;
			buildSettings = {
				ASSETCATALOG_COMPILER_APPICON_NAME = AppIcon;
				DEVELOPMENT_TEAM = RJ2SYXWQS9;
				INFOPLIST_FILE = "Mobile-Sign/Info.plist";
				LD_RUNPATH_SEARCH_PATHS = "$(inherited) @executable_path/Frameworks";
				PRODUCT_BUNDLE_IDENTIFIER = "avb.Mobile-Signse";
				PRODUCT_NAME = "$(TARGET_NAME)";
				SWIFT_VERSION = 3.0;
			};
			name = Release;
		};
		9339AF581E9D9CB2001431C2 /* Debug */ = {
			isa = XCBuildConfiguration;
			baseConfigurationReference = FF3D71E4AAB453B24FF73534 /* Pods-Mobile-SignTests.debug.xcconfig */;
			buildSettings = {
				ALWAYS_EMBED_SWIFT_STANDARD_LIBRARIES = YES;
				BUNDLE_LOADER = "$(TEST_HOST)";
				DEVELOPMENT_TEAM = RJ2SYXWQS9;
				INFOPLIST_FILE = "Mobile-SignTests/Info.plist";
				LD_RUNPATH_SEARCH_PATHS = "$(inherited) @executable_path/Frameworks @loader_path/Frameworks";
				PRODUCT_BUNDLE_IDENTIFIER = "avb.Mobile-SignTests";
				PRODUCT_NAME = "$(TARGET_NAME)";
				SWIFT_VERSION = 3.0;
				TEST_HOST = "$(BUILT_PRODUCTS_DIR)/Mobile-Sign.app/Mobile-Sign";
			};
			name = Debug;
		};
		9339AF591E9D9CB2001431C2 /* Release */ = {
			isa = XCBuildConfiguration;
			baseConfigurationReference = 489A47FC732A0AA64F3E4629 /* Pods-Mobile-SignTests.release.xcconfig */;
			buildSettings = {
				ALWAYS_EMBED_SWIFT_STANDARD_LIBRARIES = YES;
				BUNDLE_LOADER = "$(TEST_HOST)";
				DEVELOPMENT_TEAM = RJ2SYXWQS9;
				INFOPLIST_FILE = "Mobile-SignTests/Info.plist";
				LD_RUNPATH_SEARCH_PATHS = "$(inherited) @executable_path/Frameworks @loader_path/Frameworks";
				PRODUCT_BUNDLE_IDENTIFIER = "avb.Mobile-SignTests";
				PRODUCT_NAME = "$(TARGET_NAME)";
				SWIFT_VERSION = 3.0;
				TEST_HOST = "$(BUILT_PRODUCTS_DIR)/Mobile-Sign.app/Mobile-Sign";
			};
			name = Release;
		};
		9339AF5B1E9D9CB2001431C2 /* Debug */ = {
			isa = XCBuildConfiguration;
			baseConfigurationReference = 318041FC24B8B2E738BD1987 /* Pods-Mobile-SignUITests.debug.xcconfig */;
			buildSettings = {
				ALWAYS_EMBED_SWIFT_STANDARD_LIBRARIES = YES;
				DEVELOPMENT_TEAM = RJ2SYXWQS9;
				INFOPLIST_FILE = "Mobile-SignUITests/Info.plist";
				LD_RUNPATH_SEARCH_PATHS = "$(inherited) @executable_path/Frameworks @loader_path/Frameworks";
				PRODUCT_BUNDLE_IDENTIFIER = "avb.Mobile-SignUITests";
				PRODUCT_NAME = "$(TARGET_NAME)";
				SWIFT_VERSION = 3.0;
				TEST_TARGET_NAME = "Mobile-Sign";
			};
			name = Debug;
		};
		9339AF5C1E9D9CB2001431C2 /* Release */ = {
			isa = XCBuildConfiguration;
			baseConfigurationReference = 4D1DC4DB42FF4007E3B35DA4 /* Pods-Mobile-SignUITests.release.xcconfig */;
			buildSettings = {
				ALWAYS_EMBED_SWIFT_STANDARD_LIBRARIES = YES;
				DEVELOPMENT_TEAM = RJ2SYXWQS9;
				INFOPLIST_FILE = "Mobile-SignUITests/Info.plist";
				LD_RUNPATH_SEARCH_PATHS = "$(inherited) @executable_path/Frameworks @loader_path/Frameworks";
				PRODUCT_BUNDLE_IDENTIFIER = "avb.Mobile-SignUITests";
				PRODUCT_NAME = "$(TARGET_NAME)";
				SWIFT_VERSION = 3.0;
				TEST_TARGET_NAME = "Mobile-Sign";
			};
			name = Release;
		};
/* End XCBuildConfiguration section */

/* Begin XCConfigurationList section */
		9339AF271E9D9CB1001431C2 /* Build configuration list for PBXProject "Mobile-Sign" */ = {
			isa = XCConfigurationList;
			buildConfigurations = (
				9339AF521E9D9CB2001431C2 /* Debug */,
				9339AF531E9D9CB2001431C2 /* Release */,
			);
			defaultConfigurationIsVisible = 0;
			defaultConfigurationName = Release;
		};
		9339AF541E9D9CB2001431C2 /* Build configuration list for PBXNativeTarget "Mobile-Sign" */ = {
			isa = XCConfigurationList;
			buildConfigurations = (
				9339AF551E9D9CB2001431C2 /* Debug */,
				9339AF561E9D9CB2001431C2 /* Release */,
			);
			defaultConfigurationIsVisible = 0;
			defaultConfigurationName = Release;
		};
		9339AF571E9D9CB2001431C2 /* Build configuration list for PBXNativeTarget "Mobile-SignTests" */ = {
			isa = XCConfigurationList;
			buildConfigurations = (
				9339AF581E9D9CB2001431C2 /* Debug */,
				9339AF591E9D9CB2001431C2 /* Release */,
			);
			defaultConfigurationIsVisible = 0;
			defaultConfigurationName = Release;
		};
		9339AF5A1E9D9CB2001431C2 /* Build configuration list for PBXNativeTarget "Mobile-SignUITests" */ = {
			isa = XCConfigurationList;
			buildConfigurations = (
				9339AF5B1E9D9CB2001431C2 /* Debug */,
				9339AF5C1E9D9CB2001431C2 /* Release */,
			);
			defaultConfigurationIsVisible = 0;
			defaultConfigurationName = Release;
		};
/* End XCConfigurationList section */
	};
	rootObject = 9339AF241E9D9CB1001431C2 /* Project object */;
}
